{
  "requires": true,
  "lockfileVersion": 1,
  "dependencies": {
    "@jasonblanchard/bs-react-final-form-hooks": {
      "version": "0.0.2",
      "resolved": "https://registry.npmjs.org/@jasonblanchard/bs-react-final-form-hooks/-/bs-react-final-form-hooks-0.0.2.tgz",
      "integrity": "sha512-CkI5rfmQoDSJ4X30QzYE3qRAbJAFvZJP1O3rSaVEREHIm+D1lnFCjQKVzXCI74i6dpTTvlb06yrUnrhm1xxHEA=="
    }
  }
}
